{
  "name": "capsuleaio-initial-fingerprint",
  "version": "1.0.0",
  "lockfileVersion": 1,
  "requires": true,
  "dependencies": {
    "db": {
      "version": "file:../db",
      "requires": {
        "uuid": "^8.3.2"
      },
      "dependencies": {
        "aws-sdk": {
          "version": "2.960.0",
          "resolved": "https://registry.npmjs.org/aws-sdk/-/aws-sdk-2.960.0.tgz",
          "integrity": "sha512-e3KNZ5x0uzBNbVLbGUO2xrMRonUPpmXxgyZ/MaHx5yOQIv9G2a7dei/TvrMa9rl4MFCScGLw1LjbYb7CrdbMBQ==",
          "requires": {
            "buffer": "4.9.2",
            "url": "0.10.3",
            "xml2js": "0.4.19"
          }
        },
        "buffer": {
          "version": "4.9.2",
          "resolved": "https://registry.npmjs.org/buffer/-/buffer-4.9.2.tgz",
          "integrity": "sha512-xq+q3SRMOxGivLhBNaUdC64hDTQwejJ+H0T/NB1XMtTVEwNTrfFF3gAxiyW0Bu/xWEGhjVKgUcMhCrUy2+uCWg=="
        },
        "url": {
          "version": "0.10.3",
          "resolved": "https://registry.npmjs.org/url/-/url-0.10.3.tgz",
          "integrity": "sha1-Ah5NnHcF8hu/N9A861h2dAJ3TGQ="
        },
        "uuid": {
          "version": "8.3.2",
          "resolved": "https://registry.npmjs.org/uuid/-/uuid-8.3.2.tgz",
          "integrity": "sha512-+NYs2QeMWy+GWFOEm9xnn6HCDp0l7QBD7ml8zLUmJ+93Q5NF0NocErnwkTkXVFNiX3/fpC6afS8Dhb/gz7R7eg=="
        },
        "xml2js": {
          "version": "0.4.19",
          "resolved": "https://registry.npmjs.org/xml2js/-/xml2js-0.4.19.tgz",
          "integrity": "sha512-esZnJZJOiJR9wWKMyuvSE1y6Dq5LCuJanqhxslH2bxM6duahNZ+HMpCLhBQGZkbX6xRf8x1Y2eJlgt2q3qo49Q=="
        }
      }
    },
    "qq-crypto": {
      "version": "file:../qq-crypto"
    }
  }
}
